
Microsoft Visual Studio Solution File, Format Version 12.00
# Visual Studio Version 16
VisualStudioVersion = 16.0.31702.278
MinimumVisualStudioVersion = 10.0.40219.1
Project("{8BC9CEB8-8B4A-11D0-8D11-00A0C91BC942}") = "MoviePlatformApp", "MoviePlatformApp\MoviePlatformApp.vcxproj", "{5D656B57-B59C-45A9-9E2F-607AEA4C8421}"
EndProject
Global
	GlobalSection(SolutionConfigurationPlatforms) = preSolution
		Debug|x64 = Debug|x64
		Release|x64 = Release|x64
	EndGlobalSection
	GlobalSection(ProjectConfigurationPlatforms) = postSolution
		{5D656B57-B59C-45A9-9E2F-607AEA4C8421}.Debug|x64.ActiveCfg = Debug|x64
		{5D656B57-B59C-45A9-9E2F-607AEA4C8421}.Debug|x64.Build.0 = Debug|x64
		{5D656B57-B59C-45A9-9E2F-607AEA4C8421}.Release|x64.ActiveCfg = Release|x64
		{5D656B57-B59C-45A9-9E2F-607AEA4C8421}.Release|x64.Build.0 = Release|x64
	EndGlobalSection
	GlobalSection(SolutionProperties) = preSolution
		HideSolutionNode = FALSE
	EndGlobalSection
	GlobalSection(ExtensibilityGlobals) = postSolution
		SolutionGuid = {49ACE4FD-B2D4-4B2D-89E4-70521C241461}
	EndGlobalSection
EndGlobal
